{
    "_readme": [
        "This file locks the dependencies of your project to a known state",
        "Read more about it at https://getcomposer.org/doc/01-basic-usage.md#composer-lock-the-lock-file",
        "This file is @generated automatically"
    ],
    "hash": "06f224bf3979b115687cae93a4eb0a2a",
    "content-hash": "52197d657a110aa0d198d3cd350c61e6",
    "packages": [
        {
            "name": "pear2/net_routeros",
            "version": "1.0.0b5",
            "source": {
                "type": "git",
                "url": "https://github.com/pear2/Net_RouterOS.git",
                "reference": "db24b8c4cd63d593dc8387987a954926d96cafb8"
            },
            "dist": {
                "type": "zip",
                "url": "https://api.github.com/repos/pear2/Net_RouterOS/zipball/db24b8c4cd63d593dc8387987a954926d96cafb8",
                "reference": "db24b8c4cd63d593dc8387987a954926d96cafb8",
                "shasum": ""
            },
            "require": {
                "pear2/net_transmitter": ">=1.0.0a5",
                "php": ">=5.3.0"
            },
            "require-dev": {
                "pear2/cache_shm": "dev-develop",
                "pear2/console_color": "dev-develop",
                "pear2/console_commandline": "dev-master",
                "phpunit/phpunit": "@stable",
                "squizlabs/php_codesniffer": "@stable"
            },
            "suggest": {
                "ext-apc": "This or Wincache is required for persistent connections.",
                "ext-openssl": "Enables encrypted connections.",
                "ext-wincache": "This or APC is required for persistent connections. Reccomended instead of APC on Windows.",
                "pear2/cache_shm": "Enables persistent connections.",
                "pear2/console_color": "Enables colors in the console",
                "pear2/console_commandline": "Enables the console"
            },
            "bin": [
                "scripts/roscon.php"
            ],
            "type": "library",
            "autoload": {
                "psr-0": {
                    "PEAR2\\Net\\RouterOS\\": "src/",
                    "PEAR2\\Net\\Transmitter\\": "vendor/pear2/net_transmitter/src/",
                    "PEAR2\\Cache\\SHM": "vendor/pear2/cache_shm/src/",
                    "PEAR2\\Console\\Color": "vendor/pear2/console_color/src/"
                }
            },
            "notification-url": "https://packagist.org/downloads/",
            "license": [
                "LGPL-2.1"
            ],
            "authors": [
                {
                    "name": "Vasil Rangelov",
                    "email": "boen.robot@gmail.com",
                    "role": "lead"
                }
            ],
            "description": "This package allows you to read and write information from a RouterOS host using MikroTik's RouterOS API.",
            "homepage": "http://pear2.github.com/Net_RouterOS/",
            "keywords": [
                "api",
                "mikrotik",
                "package",
                "pear2",
                "router",
                "routeros"
            ],
            "time": "2014-11-04 12:52:46"
        },
        {
            "name": "pear2/net_transmitter",
            "version": "dev-master",
            "source": {
                "type": "git",
                "url": "https://github.com/pear2/Net_Transmitter.git",
                "reference": "ac4d5fe6b7fd1a25f9a45c4454a8e85462837370"
            },
            "dist": {
                "type": "zip",
                "url": "https://api.github.com/repos/pear2/Net_Transmitter/zipball/ac4d5fe6b7fd1a25f9a45c4454a8e85462837370",
                "reference": "ac4d5fe6b7fd1a25f9a45c4454a8e85462837370",
                "shasum": ""
            },
            "require": {
                "php": ">=5.3.0"
            },
            "require-dev": {
                "pear2/cache_shm": "dev-develop",
                "phpunit/phpunit": "@stable"
            },
            "suggest": {
                "ext-apc": ">=3.0.13",
                "ext-openssl": "*",
                "ext-wincache": ">=1.1.0",
                "pear2/cache_shm": ">=0.1.3"
            },
            "type": "library",
            "autoload": {
                "psr-0": {
                    "PEAR2\\Net\\Transmitter\\": "src/"
                }
            },
            "notification-url": "https://packagist.org/downloads/",
            "license": [
                "LGPL-2.1"
            ],
            "authors": [
                {
                    "name": "Vasil Rangelov",
                    "email": "boen.robot@gmail.com",
                    "role": "lead"
                }
            ],
            "description": "A stream wrapper that ensures data integrity. Particularly useful for sockets.",
            "homepage": "http://pear2.github.com/Net_Transmitter/",
            "keywords": [
                "Socket",
                "integrity",
                "network",
                "networking",
                "package",
                "pear2",
                "sockets"
            ],
            "time": "2014-11-02 05:04:39"
        },
        {
            "name": "smarty/smarty",
            "version": "v3.1.29",
            "source": {
                "type": "git",
                "url": "https://github.com/smarty-php/smarty.git",
                "reference": "35480f10e7ce9b0fdaf23d3799d7b79463919b1e"
            },
            "dist": {
                "type": "zip",
                "url": "https://api.github.com/repos/smarty-php/smarty/zipball/35480f10e7ce9b0fdaf23d3799d7b79463919b1e",
                "reference": "35480f10e7ce9b0fdaf23d3799d7b79463919b1e",
                "shasum": ""
            },
            "require": {
                "php": ">=5.2"
            },
            "type": "library",
            "extra": {
                "branch-alias": {
                    "dev-master": "3.1.x-dev"
                }
            },
            "autoload": {
                "classmap": [
                    "libs/Smarty.class.php",
                    "libs/SmartyBC.class.php",
                    "libs/sysplugins/"
                ]
            },
            "notification-url": "https://packagist.org/downloads/",
            "license": [
                "LGPL-3.0"
            ],
            "authors": [
                {
                    "name": "Monte Ohrt",
                    "email": "monte@ohrt.com"
                },
                {
                    "name": "Uwe Tews",
                    "email": "uwe.tews@googlemail.com"
                },
                {
                    "name": "Rodney Rehm",
                    "email": "rodney.rehm@medialize.de"
                }
            ],
            "description": "Smarty - the compiling PHP template engine",
            "homepage": "http://www.smarty.net",
            "keywords": [
                "templating"
            ],
            "time": "2015-12-21 01:57:06"
        }
    ],
    "packages-dev": [],
    "aliases": [],
    "minimum-stability": "dev",
    "stability-flags": [],
    "prefer-stable": false,
    "prefer-lowest": false,
    "platform": [],
    "platform-dev": []
}
